
Microsoft Visual Studio Solution File, Format Version 12.00
# Visual Studio Version 18
VisualStudioVersion = 18.1.11312.151
MinimumVisualStudioVersion = 10.0.40219.1
Project("{FAE04EC0-301F-11D3-BF4B-00C04F79EFBC}") = "GoldenCrown", "GoldenCrown\GoldenCrown.csproj", "{8F8F7F34-71ED-4AAF-8D97-72B3394246E9}"
EndProject
Global
	GlobalSection(SolutionConfigurationPlatforms) = preSolution
		Debug|Any CPU = Debug|Any CPU
		Release|Any CPU = Release|Any CPU
	EndGlobalSection
	GlobalSection(ProjectConfigurationPlatforms) = postSolution
		{8F8F7F34-71ED-4AAF-8D97-72B3394246E9}.Debug|Any CPU.ActiveCfg = Debug|Any CPU
		{8F8F7F34-71ED-4AAF-8D97-72B3394246E9}.Debug|Any CPU.Build.0 = Debug|Any CPU
		{8F8F7F34-71ED-4AAF-8D97-72B3394246E9}.Release|Any CPU.ActiveCfg = Release|Any CPU
		{8F8F7F34-71ED-4AAF-8D97-72B3394246E9}.Release|Any CPU.Build.0 = Release|Any CPU
	EndGlobalSection
	GlobalSection(SolutionProperties) = preSolution
		HideSolutionNode = FALSE
	EndGlobalSection
	GlobalSection(ExtensibilityGlobals) = postSolution
		SolutionGuid = {5A8EC5D0-1FF4-4CFC-860D-467DDDB501DD}
	EndGlobalSection
EndGlobal
